
Microsoft Visual Studio Solution File, Format Version 12.00
# Visual Studio Version 17
VisualStudioVersion = 17.12.35527.113
MinimumVisualStudioVersion = 10.0.40219.1
Project("{2150E333-8FDC-42A3-9474-1A3956D46DE8}") = "Backend", "Backend", "{E49B08EE-2E2C-471E-BE62-0032D903A4CA}"
EndProject
Project("{2150E333-8FDC-42A3-9474-1A3956D46DE8}") = "Frontend", "Frontend", "{F8149662-4C0E-4177-9FE0-EDCEF4EC1895}"
EndProject
Project("{2150E333-8FDC-42A3-9474-1A3956D46DE8}") = "Web", "Web", "{F0CF0C0A-3DBE-4886-B2A8-BCA4D8FAD5B8}"
EndProject
Project("{FAE04EC0-301F-11D3-BF4B-00C04F79EFBC}") = "PS.FreeBookHub_Lite.Web", "PS.FreeBookHub_Lite.Web\PS.FreeBookHub_Lite.Web.csproj", "{6875A189-CF67-44C5-8C15-181888C73296}"
EndProject
Project("{2150E333-8FDC-42A3-9474-1A3956D46DE8}") = "CatalogService", "CatalogService", "{1A72FD91-CE81-4770-81F9-7751C6C108E2}"
EndProject
Project("{2150E333-8FDC-42A3-9474-1A3956D46DE8}") = "PaymentService", "PaymentService", "{C96E46C5-FC54-4AE5-B043-52D8709B8C3C}"
EndProject
Project("{2150E333-8FDC-42A3-9474-1A3956D46DE8}") = "OrderService", "OrderService", "{100E42A7-ED44-4362-87D3-BFE7364AA597}"
EndProject
Project("{2150E333-8FDC-42A3-9474-1A3956D46DE8}") = "CartService", "CartService", "{9770E99F-1FD1-46CC-8A6B-0894C7AFFA6F}"
EndProject
Project("{2150E333-8FDC-42A3-9474-1A3956D46DE8}") = "API", "API", "{8AE22F19-C1EF-4B41-BAD6-CC34A56F256C}"
EndProject
Project("{2150E333-8FDC-42A3-9474-1A3956D46DE8}") = "Application", "Application", "{7EF9484E-CDE2-4D23-B6A7-EED4A2DBD79C}"
EndProject
Project("{2150E333-8FDC-42A3-9474-1A3956D46DE8}") = "Infrastructure", "Infrastructure", "{FC20ECB5-FBB5-4CCE-8495-13C31D2E8512}"
EndProject
Project("{2150E333-8FDC-42A3-9474-1A3956D46DE8}") = "Domain", "Domain", "{8B01E7B1-3BC0-4741-94CC-EC2EC07F29A5}"
EndProject
Project("{2150E333-8FDC-42A3-9474-1A3956D46DE8}") = "Domain", "Domain", "{CA75F02F-CEDD-4A08-A62C-EA664C208F52}"
EndProject
Project("{2150E333-8FDC-42A3-9474-1A3956D46DE8}") = "Infrastructure", "Infrastructure", "{6FA0C208-3DA2-4268-B100-AE6372A89118}"
EndProject
Project("{2150E333-8FDC-42A3-9474-1A3956D46DE8}") = "Application", "Application", "{AB6ABACE-8062-48DC-814F-71E23F159412}"
EndProject
Project("{2150E333-8FDC-42A3-9474-1A3956D46DE8}") = "API", "API", "{88D19D23-113B-4D38-9AC5-AC8B782FFE8A}"
EndProject
Project("{2150E333-8FDC-42A3-9474-1A3956D46DE8}") = "Domain", "Domain", "{AF5E0AD1-4DFB-4550-90AA-C4C327FBDA3C}"
EndProject
Project("{2150E333-8FDC-42A3-9474-1A3956D46DE8}") = "Infrastructure", "Infrastructure", "{BFC2377E-D152-4E22-8D41-C0CE96547467}"
EndProject
Project("{2150E333-8FDC-42A3-9474-1A3956D46DE8}") = "Application", "Application", "{3E78CFB0-5827-45C5-B18A-F621EB8EBBB0}"
EndProject
Project("{2150E333-8FDC-42A3-9474-1A3956D46DE8}") = "API", "API", "{22F28645-0A0C-4688-9C37-11C83469D117}"
EndProject
Project("{2150E333-8FDC-42A3-9474-1A3956D46DE8}") = "Domain", "Domain", "{E1437D11-F8AE-41AA-925F-C76DD12F3281}"
EndProject
Project("{2150E333-8FDC-42A3-9474-1A3956D46DE8}") = "Infrastructure", "Infrastructure", "{C2D58ED3-83E4-4EB0-BE6D-971B5EBDB29F}"
EndProject
Project("{2150E333-8FDC-42A3-9474-1A3956D46DE8}") = "Application", "Application", "{9191F287-3E23-42BB-B357-F97B13C49AC6}"
EndProject
Project("{2150E333-8FDC-42A3-9474-1A3956D46DE8}") = "API", "API", "{68D0F76E-A087-4FF1-9EC0-E5E7A3F02B0E}"
EndProject
Project("{2150E333-8FDC-42A3-9474-1A3956D46DE8}") = "AuthService", "AuthService", "{6E26491D-631E-4C0A-B968-A5B870DE0B66}"
EndProject
Project("{2150E333-8FDC-42A3-9474-1A3956D46DE8}") = "API", "API", "{7333D05C-2E0D-41E6-9913-08944FBF2B21}"
EndProject
Project("{2150E333-8FDC-42A3-9474-1A3956D46DE8}") = "Application", "Application", "{CC38D137-9D3C-4EEF-B0F2-4BF44029D396}"
EndProject
Project("{2150E333-8FDC-42A3-9474-1A3956D46DE8}") = "Domain", "Domain", "{845A56E2-356D-4CA7-8924-5FA28C8527F4}"
EndProject
Project("{2150E333-8FDC-42A3-9474-1A3956D46DE8}") = "Infrastructure", "Infrastructure", "{E163543A-CC13-4C77-8FD0-F47331399ADA}"
EndProject
Project("{2150E333-8FDC-42A3-9474-1A3956D46DE8}") = "Gateway", "Gateway", "{47F02A33-5827-4874-891E-F80D0095049F}"
EndProject
Project("{2150E333-8FDC-42A3-9474-1A3956D46DE8}") = "API", "API", "{4343CF34-F0EE-476E-A0F1-7D04440AC8E0}"
EndProject
Project("{2150E333-8FDC-42A3-9474-1A3956D46DE8}") = "Common", "Common", "{70BF59E7-50AB-4DDC-A60F-FADC5499502F}"
EndProject
Project("{2150E333-8FDC-42A3-9474-1A3956D46DE8}") = "Common", "Common", "{3D6EECE3-EDF9-4A60-A10C-A786F6F55D46}"
EndProject
Project("{2150E333-8FDC-42A3-9474-1A3956D46DE8}") = "Common", "Common", "{0A050336-B3C2-4E25-99D6-3690695F818D}"
EndProject
Project("{2150E333-8FDC-42A3-9474-1A3956D46DE8}") = "Common", "Common", "{EE01CB97-67B4-41B3-8BDB-2ED730DF8E4A}"
EndProject
Project("{2150E333-8FDC-42A3-9474-1A3956D46DE8}") = "Common", "Common", "{4EB4C09F-F419-4B33-B11A-EADBE5637E01}"
EndProject
Project("{2150E333-8FDC-42A3-9474-1A3956D46DE8}") = "tests", "tests", "{BCA01E88-12D7-4719-ADBD-EEA06C0BE32D}"
EndProject
Project("{2150E333-8FDC-42A3-9474-1A3956D46DE8}") = "Unit", "Unit", "{5EF8CF9E-883D-4939-AE65-48CA94D0D8EE}"
EndProject
Project("{2150E333-8FDC-42A3-9474-1A3956D46DE8}") = "Integration", "Integration", "{C53B2E6F-74CA-4ECA-8E70-E1B61A95DF7D}"
EndProject
Project("{2150E333-8FDC-42A3-9474-1A3956D46DE8}") = "tests", "tests", "{F9329CE9-37CC-461C-B5A6-33BACCC8EF51}"
EndProject
Project("{2150E333-8FDC-42A3-9474-1A3956D46DE8}") = "Integration", "Integration", "{818AC90D-762B-4C5F-980D-4E6245A65E3D}"
EndProject
Project("{2150E333-8FDC-42A3-9474-1A3956D46DE8}") = "Unit", "Unit", "{96BF8192-7A41-4CEC-B8E1-0DDE14F0089F}"
EndProject
Project("{FAE04EC0-301F-11D3-BF4B-00C04F79EFBC}") = "PS.FreeBookHub_Lite.AuthService.API", "AuthService\API\PS.FreeBookHub_Lite.AuthService.API\PS.FreeBookHub_Lite.AuthService.API.csproj", "{F0213830-FCA6-DB92-A6C6-6713FF114E00}"
EndProject
Project("{FAE04EC0-301F-11D3-BF4B-00C04F79EFBC}") = "PS.FreeBookHub_Lite.AuthService.Application", "AuthService\Application\PS.FreeBookHub_Lite.AuthService.Application\PS.FreeBookHub_Lite.AuthService.Application.csproj", "{67BCEE71-CE39-45E9-0710-521DF7D071B0}"
EndProject
Project("{FAE04EC0-301F-11D3-BF4B-00C04F79EFBC}") = "PS.FreeBookHub_Lite.AuthService.Common", "AuthService\Common\PS.FreeBookHub_Lite.AuthService.Common\PS.FreeBookHub_Lite.AuthService.Common.csproj", "{E660AA32-B1E2-A096-A5E9-3603F45EF954}"
EndProject
Project("{FAE04EC0-301F-11D3-BF4B-00C04F79EFBC}") = "PS.FreeBookHub_Lite.AuthService.Domain", "AuthService\Domain\PS.FreeBookHub_Lite.AuthService.Domain\PS.FreeBookHub_Lite.AuthService.Domain.csproj", "{138B7646-DFE5-CFD0-9691-1254CA55D902}"
EndProject
Project("{FAE04EC0-301F-11D3-BF4B-00C04F79EFBC}") = "PS.FreeBookHub_Lite.AuthService.Infrastructure", "AuthService\Infrastructure\PS.FreeBookHub_Lite.AuthService.Infrastructure\PS.FreeBookHub_Lite.AuthService.Infrastructure.csproj", "{E29F7212-F5E2-6CA5-15C7-2F1C53964E70}"
EndProject
Project("{FAE04EC0-301F-11D3-BF4B-00C04F79EFBC}") = "AuthService.IntegrationTests", "..\..\..\tests\AuthService\Integration\AuthService.IntegrationTests\AuthService.IntegrationTests.csproj", "{B809FA44-2487-8FC7-2A11-E1446BF0362A}"
EndProject
Project("{FAE04EC0-301F-11D3-BF4B-00C04F79EFBC}") = "AuthService.UnitTests", "..\..\..\tests\AuthService\Unit\AuthService.UnitTests\AuthService.UnitTests.csproj", "{5623BF65-B13A-5D27-73D9-4646D9852B8E}"
EndProject
Project("{FAE04EC0-301F-11D3-BF4B-00C04F79EFBC}") = "PS.FreeBookHub_Lite.CartService.API", "CartService\API\PS.FreeBookHub_Lite.CartService.API\PS.FreeBookHub_Lite.CartService.API.csproj", "{2FED3CA0-893F-0923-25DF-FD714B3107DD}"
EndProject
Project("{FAE04EC0-301F-11D3-BF4B-00C04F79EFBC}") = "PS.FreeBookHub_Lite.CartService.Application", "CartService\Application\PS.FreeBookHub_Lite.CartService.Application\PS.FreeBookHub_Lite.CartService.Application.csproj", "{647CB55A-B1EF-4366-BB81-44FFDED77C19}"
EndProject
Project("{FAE04EC0-301F-11D3-BF4B-00C04F79EFBC}") = "PS.FreeBookHub_Lite.CartService.Common", "CartService\Common\PS.FreeBookHub_Lite.CartService.Common\PS.FreeBookHub_Lite.CartService.Common.csproj", "{1AE7C006-1326-C17C-DC27-47D562A7C0B3}"
EndProject
Project("{FAE04EC0-301F-11D3-BF4B-00C04F79EFBC}") = "PS.FreeBookHub_Lite.CartService.Domain", "CartService\Domain\PS.FreeBookHub_Lite.CartService.Domain\PS.FreeBookHub_Lite.CartService.Domain.csproj", "{35535859-6D13-9830-7978-09F1D1E26923}"
EndProject
Project("{FAE04EC0-301F-11D3-BF4B-00C04F79EFBC}") = "PS.FreeBookHub_Lite.CartService.Infrastructure", "CartService\Infrastructure\PS.FreeBookHub_Lite.CartService.Infrastructure\PS.FreeBookHub_Lite.CartService.Infrastructure.csproj", "{8E5203D2-FE9E-4D75-0D8F-17F496AB6773}"
EndProject
Project("{FAE04EC0-301F-11D3-BF4B-00C04F79EFBC}") = "CartService.UnitTests", "..\..\..\tests\CartService\Unit\CartService.UnitTests\CartService.UnitTests.csproj", "{40F23ACC-6EAB-FA64-2DBD-2A532C0817CE}"
EndProject
Project("{FAE04EC0-301F-11D3-BF4B-00C04F79EFBC}") = "PS.FreeBookHub.Gateway.API", "Gateway\API\PS.FreeBookHub.Gateway.API\PS.FreeBookHub.Gateway.API.csproj", "{83F4ED19-F6B6-C6F3-1DA7-A9CFBEB79E4D}"
EndProject
Project("{FAE04EC0-301F-11D3-BF4B-00C04F79EFBC}") = "PS.FreeBookHub_Lite.OrderService.API", "OrderService\API\PS.FreeBookHub_Lite.OrderService.API\PS.FreeBookHub_Lite.OrderService.API.csproj", "{59829795-36FC-4C6E-83EC-8DB60BC031E7}"
EndProject
Project("{FAE04EC0-301F-11D3-BF4B-00C04F79EFBC}") = "PS.FreeBookHub_Lite.OrderService.Application", "OrderService\Application\PS.FreeBookHub_Lite.OrderService.Application\PS.FreeBookHub_Lite.OrderService.Application.csproj", "{8521C144-3174-E6E2-F993-BCC930BFDD83}"
EndProject
Project("{FAE04EC0-301F-11D3-BF4B-00C04F79EFBC}") = "PS.FreeBookHub_Lite.OrderService.Common", "OrderService\Common\PS.FreeBookHub_Lite.OrderService.Common\PS.FreeBookHub_Lite.OrderService.Common.csproj", "{4BD9651C-83B1-C35B-AEEB-8F034FF759F6}"
EndProject
Project("{FAE04EC0-301F-11D3-BF4B-00C04F79EFBC}") = "PS.FreeBookHub_Lite.OrderService.Domain", "OrderService\Domain\PS.FreeBookHub_Lite.OrderService.Domain\PS.FreeBookHub_Lite.OrderService.Domain.csproj", "{74B2115A-32A2-C2F5-093B-7DB7A4A798B5}"
EndProject
Project("{FAE04EC0-301F-11D3-BF4B-00C04F79EFBC}") = "PS.FreeBookHub_Lite.OrderService.Infrastructure", "OrderService\Infrastructure\PS.FreeBookHub_Lite.OrderService.Infrastructure\PS.FreeBookHub_Lite.OrderService.Infrastructure.csproj", "{ED9EFDC9-C0F3-F6D6-8E14-45D606FAF389}"
EndProject
Project("{FAE04EC0-301F-11D3-BF4B-00C04F79EFBC}") = "PS.FreeBookHub_Lite.CatalogService.Application", "CatalogService\Application\PS.FreeBookHub_Lite.CatalogService.Application\PS.FreeBookHub_Lite.CatalogService.Application.csproj", "{F63160B3-D864-7535-0024-5F4083CED32F}"
EndProject
Project("{FAE04EC0-301F-11D3-BF4B-00C04F79EFBC}") = "PS.FreeBookHub_Lite.CatalogService.Common", "CatalogService\Common\PS.FreeBookHub_Lite.CatalogService.Common\PS.FreeBookHub_Lite.CatalogService.Common.csproj", "{004D0D5E-E432-445E-F031-9E32D029F546}"
EndProject
Project("{FAE04EC0-301F-11D3-BF4B-00C04F79EFBC}") = "PS.FreeBookHub_Lite.CatalogService.Domain", "CatalogService\Domain\PS.FreeBookHub_Lite.CatalogService.Domain\PS.FreeBookHub_Lite.CatalogService.Domain.csproj", "{18B4EBE8-7515-55D2-E4BA-59E74DA30FA5}"
EndProject
Project("{FAE04EC0-301F-11D3-BF4B-00C04F79EFBC}") = "PS.FreeBookHub_Lite.PaymentService.API", "PaymentService\API\PS.FreeBookHub_Lite.PaymentService.API\PS.FreeBookHub_Lite.PaymentService.API.csproj", "{AE7D9819-8C97-1551-96C1-B095FE8774FE}"
EndProject
Project("{FAE04EC0-301F-11D3-BF4B-00C04F79EFBC}") = "PS.FreeBookHub_Lite.PaymentService.Application", "PaymentService\Application\PS.FreeBookHub_Lite.PaymentService.Application\PS.FreeBookHub_Lite.PaymentService.Application.csproj", "{1B83DE99-D25D-AB36-A97B-17E9F6FD4C16}"
EndProject
Project("{FAE04EC0-301F-11D3-BF4B-00C04F79EFBC}") = "PS.FreeBookHub_Lite.PaymentService.Common", "PaymentService\Common\PS.FreeBookHub_Lite.PaymentService.Common\PS.FreeBookHub_Lite.PaymentService.Common.csproj", "{C56278DB-5A76-8965-3DCD-62864F2AB75D}"
EndProject
Project("{FAE04EC0-301F-11D3-BF4B-00C04F79EFBC}") = "PS.FreeBookHub_Lite.PaymentService.Domain", "PaymentService\Domain\PS.FreeBookHub_Lite.PaymentService.Domain\PS.FreeBookHub_Lite.PaymentService.Domain.csproj", "{D7D71A3D-4AD6-4A77-F2FE-24A896AB0F50}"
EndProject
Project("{FAE04EC0-301F-11D3-BF4B-00C04F79EFBC}") = "PS.FreeBookHub_Lite.CatalogService.Infrastructure", "CatalogService\PS.FreeBookHub_Lite.CatalogService.Infrastructure\PS.FreeBookHub_Lite.CatalogService.Infrastructure.csproj", "{9A2FCBFB-D6DB-93B7-C243-C0E599BBAD1A}"
EndProject
Project("{FAE04EC0-301F-11D3-BF4B-00C04F79EFBC}") = "PS.FreeBookHub_Lite.CatalogService.API", "CatalogService\API\PS.FreeBookHub_Lite.CatalogService.API\PS.FreeBookHub_Lite.CatalogService.API.csproj", "{E5AEE517-2E4A-BEB7-443E-247F0F7E9D10}"
EndProject
Project("{FAE04EC0-301F-11D3-BF4B-00C04F79EFBC}") = "PS.FreeBookHub_Lite.PaymentService.Infrastructure", "PaymentService\PS.FreeBookHub_Lite.PaymentService.Infrastructure\PS.FreeBookHub_Lite.PaymentService.Infrastructure.csproj", "{2385DDB8-CA07-F871-10DD-BFC5D4C20AEA}"
EndProject
Global
	GlobalSection(SolutionConfigurationPlatforms) = preSolution
		Debug|Any CPU = Debug|Any CPU
		Release|Any CPU = Release|Any CPU
	EndGlobalSection
	GlobalSection(ProjectConfigurationPlatforms) = postSolution
		{6875A189-CF67-44C5-8C15-181888C73296}.Debug|Any CPU.ActiveCfg = Debug|Any CPU
		{6875A189-CF67-44C5-8C15-181888C73296}.Debug|Any CPU.Build.0 = Debug|Any CPU
		{6875A189-CF67-44C5-8C15-181888C73296}.Release|Any CPU.ActiveCfg = Release|Any CPU
		{6875A189-CF67-44C5-8C15-181888C73296}.Release|Any CPU.Build.0 = Release|Any CPU
		{F0213830-FCA6-DB92-A6C6-6713FF114E00}.Debug|Any CPU.ActiveCfg = Debug|Any CPU
		{F0213830-FCA6-DB92-A6C6-6713FF114E00}.Debug|Any CPU.Build.0 = Debug|Any CPU
		{F0213830-FCA6-DB92-A6C6-6713FF114E00}.Release|Any CPU.ActiveCfg = Release|Any CPU
		{F0213830-FCA6-DB92-A6C6-6713FF114E00}.Release|Any CPU.Build.0 = Release|Any CPU
		{67BCEE71-CE39-45E9-0710-521DF7D071B0}.Debug|Any CPU.ActiveCfg = Debug|Any CPU
		{67BCEE71-CE39-45E9-0710-521DF7D071B0}.Debug|Any CPU.Build.0 = Debug|Any CPU
		{67BCEE71-CE39-45E9-0710-521DF7D071B0}.Release|Any CPU.ActiveCfg = Release|Any CPU
		{67BCEE71-CE39-45E9-0710-521DF7D071B0}.Release|Any CPU.Build.0 = Release|Any CPU
		{E660AA32-B1E2-A096-A5E9-3603F45EF954}.Debug|Any CPU.ActiveCfg = Debug|Any CPU
		{E660AA32-B1E2-A096-A5E9-3603F45EF954}.Debug|Any CPU.Build.0 = Debug|Any CPU
		{E660AA32-B1E2-A096-A5E9-3603F45EF954}.Release|Any CPU.ActiveCfg = Release|Any CPU
		{E660AA32-B1E2-A096-A5E9-3603F45EF954}.Release|Any CPU.Build.0 = Release|Any CPU
		{138B7646-DFE5-CFD0-9691-1254CA55D902}.Debug|Any CPU.ActiveCfg = Debug|Any CPU
		{138B7646-DFE5-CFD0-9691-1254CA55D902}.Debug|Any CPU.Build.0 = Debug|Any CPU
		{138B7646-DFE5-CFD0-9691-1254CA55D902}.Release|Any CPU.ActiveCfg = Release|Any CPU
		{138B7646-DFE5-CFD0-9691-1254CA55D902}.Release|Any CPU.Build.0 = Release|Any CPU
		{E29F7212-F5E2-6CA5-15C7-2F1C53964E70}.Debug|Any CPU.ActiveCfg = Debug|Any CPU
		{E29F7212-F5E2-6CA5-15C7-2F1C53964E70}.Debug|Any CPU.Build.0 = Debug|Any CPU
		{E29F7212-F5E2-6CA5-15C7-2F1C53964E70}.Release|Any CPU.ActiveCfg = Release|Any CPU
		{E29F7212-F5E2-6CA5-15C7-2F1C53964E70}.Release|Any CPU.Build.0 = Release|Any CPU
		{B809FA44-2487-8FC7-2A11-E1446BF0362A}.Debug|Any CPU.ActiveCfg = Debug|Any CPU
		{B809FA44-2487-8FC7-2A11-E1446BF0362A}.Debug|Any CPU.Build.0 = Debug|Any CPU
		{B809FA44-2487-8FC7-2A11-E1446BF0362A}.Release|Any CPU.ActiveCfg = Release|Any CPU
		{B809FA44-2487-8FC7-2A11-E1446BF0362A}.Release|Any CPU.Build.0 = Release|Any CPU
		{5623BF65-B13A-5D27-73D9-4646D9852B8E}.Debug|Any CPU.ActiveCfg = Debug|Any CPU
		{5623BF65-B13A-5D27-73D9-4646D9852B8E}.Debug|Any CPU.Build.0 = Debug|Any CPU
		{5623BF65-B13A-5D27-73D9-4646D9852B8E}.Release|Any CPU.ActiveCfg = Release|Any CPU
		{5623BF65-B13A-5D27-73D9-4646D9852B8E}.Release|Any CPU.Build.0 = Release|Any CPU
		{2FED3CA0-893F-0923-25DF-FD714B3107DD}.Debug|Any CPU.ActiveCfg = Debug|Any CPU
		{2FED3CA0-893F-0923-25DF-FD714B3107DD}.Debug|Any CPU.Build.0 = Debug|Any CPU
		{2FED3CA0-893F-0923-25DF-FD714B3107DD}.Release|Any CPU.ActiveCfg = Release|Any CPU
		{2FED3CA0-893F-0923-25DF-FD714B3107DD}.Release|Any CPU.Build.0 = Release|Any CPU
		{647CB55A-B1EF-4366-BB81-44FFDED77C19}.Debug|Any CPU.ActiveCfg = Debug|Any CPU
		{647CB55A-B1EF-4366-BB81-44FFDED77C19}.Debug|Any CPU.Build.0 = Debug|Any CPU
		{647CB55A-B1EF-4366-BB81-44FFDED77C19}.Release|Any CPU.ActiveCfg = Release|Any CPU
		{647CB55A-B1EF-4366-BB81-44FFDED77C19}.Release|Any CPU.Build.0 = Release|Any CPU
		{1AE7C006-1326-C17C-DC27-47D562A7C0B3}.Debug|Any CPU.ActiveCfg = Debug|Any CPU
		{1AE7C006-1326-C17C-DC27-47D562A7C0B3}.Debug|Any CPU.Build.0 = Debug|Any CPU
		{1AE7C006-1326-C17C-DC27-47D562A7C0B3}.Release|Any CPU.ActiveCfg = Release|Any CPU
		{1AE7C006-1326-C17C-DC27-47D562A7C0B3}.Release|Any CPU.Build.0 = Release|Any CPU
		{35535859-6D13-9830-7978-09F1D1E26923}.Debug|Any CPU.ActiveCfg = Debug|Any CPU
		{35535859-6D13-9830-7978-09F1D1E26923}.Debug|Any CPU.Build.0 = Debug|Any CPU
		{35535859-6D13-9830-7978-09F1D1E26923}.Release|Any CPU.ActiveCfg = Release|Any CPU
		{35535859-6D13-9830-7978-09F1D1E26923}.Release|Any CPU.Build.0 = Release|Any CPU
		{8E5203D2-FE9E-4D75-0D8F-17F496AB6773}.Debug|Any CPU.ActiveCfg = Debug|Any CPU
		{8E5203D2-FE9E-4D75-0D8F-17F496AB6773}.Debug|Any CPU.Build.0 = Debug|Any CPU
		{8E5203D2-FE9E-4D75-0D8F-17F496AB6773}.Release|Any CPU.ActiveCfg = Release|Any CPU
		{8E5203D2-FE9E-4D75-0D8F-17F496AB6773}.Release|Any CPU.Build.0 = Release|Any CPU
		{40F23ACC-6EAB-FA64-2DBD-2A532C0817CE}.Debug|Any CPU.ActiveCfg = Debug|Any CPU
		{40F23ACC-6EAB-FA64-2DBD-2A532C0817CE}.Debug|Any CPU.Build.0 = Debug|Any CPU
		{40F23ACC-6EAB-FA64-2DBD-2A532C0817CE}.Release|Any CPU.ActiveCfg = Release|Any CPU
		{40F23ACC-6EAB-FA64-2DBD-2A532C0817CE}.Release|Any CPU.Build.0 = Release|Any CPU
		{83F4ED19-F6B6-C6F3-1DA7-A9CFBEB79E4D}.Debug|Any CPU.ActiveCfg = Debug|Any CPU
		{83F4ED19-F6B6-C6F3-1DA7-A9CFBEB79E4D}.Debug|Any CPU.Build.0 = Debug|Any CPU
		{83F4ED19-F6B6-C6F3-1DA7-A9CFBEB79E4D}.Release|Any CPU.ActiveCfg = Release|Any CPU
		{83F4ED19-F6B6-C6F3-1DA7-A9CFBEB79E4D}.Release|Any CPU.Build.0 = Release|Any CPU
		{59829795-36FC-4C6E-83EC-8DB60BC031E7}.Debug|Any CPU.ActiveCfg = Debug|Any CPU
		{59829795-36FC-4C6E-83EC-8DB60BC031E7}.Debug|Any CPU.Build.0 = Debug|Any CPU
		{59829795-36FC-4C6E-83EC-8DB60BC031E7}.Release|Any CPU.ActiveCfg = Release|Any CPU
		{59829795-36FC-4C6E-83EC-8DB60BC031E7}.Release|Any CPU.Build.0 = Release|Any CPU
		{8521C144-3174-E6E2-F993-BCC930BFDD83}.Debug|Any CPU.ActiveCfg = Debug|Any CPU
		{8521C144-3174-E6E2-F993-BCC930BFDD83}.Debug|Any CPU.Build.0 = Debug|Any CPU
		{8521C144-3174-E6E2-F993-BCC930BFDD83}.Release|Any CPU.ActiveCfg = Release|Any CPU
		{8521C144-3174-E6E2-F993-BCC930BFDD83}.Release|Any CPU.Build.0 = Release|Any CPU
		{4BD9651C-83B1-C35B-AEEB-8F034FF759F6}.Debug|Any CPU.ActiveCfg = Debug|Any CPU
		{4BD9651C-83B1-C35B-AEEB-8F034FF759F6}.Debug|Any CPU.Build.0 = Debug|Any CPU
		{4BD9651C-83B1-C35B-AEEB-8F034FF759F6}.Release|Any CPU.ActiveCfg = Release|Any CPU
		{4BD9651C-83B1-C35B-AEEB-8F034FF759F6}.Release|Any CPU.Build.0 = Release|Any CPU
		{74B2115A-32A2-C2F5-093B-7DB7A4A798B5}.Debug|Any CPU.ActiveCfg = Debug|Any CPU
		{74B2115A-32A2-C2F5-093B-7DB7A4A798B5}.Debug|Any CPU.Build.0 = Debug|Any CPU
		{74B2115A-32A2-C2F5-093B-7DB7A4A798B5}.Release|Any CPU.ActiveCfg = Release|Any CPU
		{74B2115A-32A2-C2F5-093B-7DB7A4A798B5}.Release|Any CPU.Build.0 = Release|Any CPU
		{ED9EFDC9-C0F3-F6D6-8E14-45D606FAF389}.Debug|Any CPU.ActiveCfg = Debug|Any CPU
		{ED9EFDC9-C0F3-F6D6-8E14-45D606FAF389}.Debug|Any CPU.Build.0 = Debug|Any CPU
		{ED9EFDC9-C0F3-F6D6-8E14-45D606FAF389}.Release|Any CPU.ActiveCfg = Release|Any CPU
		{ED9EFDC9-C0F3-F6D6-8E14-45D606FAF389}.Release|Any CPU.Build.0 = Release|Any CPU
		{F63160B3-D864-7535-0024-5F4083CED32F}.Debug|Any CPU.ActiveCfg = Debug|Any CPU
		{F63160B3-D864-7535-0024-5F4083CED32F}.Debug|Any CPU.Build.0 = Debug|Any CPU
		{F63160B3-D864-7535-0024-5F4083CED32F}.Release|Any CPU.ActiveCfg = Release|Any CPU
		{F63160B3-D864-7535-0024-5F4083CED32F}.Release|Any CPU.Build.0 = Release|Any CPU
		{004D0D5E-E432-445E-F031-9E32D029F546}.Debug|Any CPU.ActiveCfg = Debug|Any CPU
		{004D0D5E-E432-445E-F031-9E32D029F546}.Debug|Any CPU.Build.0 = Debug|Any CPU
		{004D0D5E-E432-445E-F031-9E32D029F546}.Release|Any CPU.ActiveCfg = Release|Any CPU
		{004D0D5E-E432-445E-F031-9E32D029F546}.Release|Any CPU.Build.0 = Release|Any CPU
		{18B4EBE8-7515-55D2-E4BA-59E74DA30FA5}.Debug|Any CPU.ActiveCfg = Debug|Any CPU
		{18B4EBE8-7515-55D2-E4BA-59E74DA30FA5}.Debug|Any CPU.Build.0 = Debug|Any CPU
		{18B4EBE8-7515-55D2-E4BA-59E74DA30FA5}.Release|Any CPU.ActiveCfg = Release|Any CPU
		{18B4EBE8-7515-55D2-E4BA-59E74DA30FA5}.Release|Any CPU.Build.0 = Release|Any CPU
		{AE7D9819-8C97-1551-96C1-B095FE8774FE}.Debug|Any CPU.ActiveCfg = Debug|Any CPU
		{AE7D9819-8C97-1551-96C1-B095FE8774FE}.Debug|Any CPU.Build.0 = Debug|Any CPU
		{AE7D9819-8C97-1551-96C1-B095FE8774FE}.Release|Any CPU.ActiveCfg = Release|Any CPU
		{AE7D9819-8C97-1551-96C1-B095FE8774FE}.Release|Any CPU.Build.0 = Release|Any CPU
		{1B83DE99-D25D-AB36-A97B-17E9F6FD4C16}.Debug|Any CPU.ActiveCfg = Debug|Any CPU
		{1B83DE99-D25D-AB36-A97B-17E9F6FD4C16}.Debug|Any CPU.Build.0 = Debug|Any CPU
		{1B83DE99-D25D-AB36-A97B-17E9F6FD4C16}.Release|Any CPU.ActiveCfg = Release|Any CPU
		{1B83DE99-D25D-AB36-A97B-17E9F6FD4C16}.Release|Any CPU.Build.0 = Release|Any CPU
		{C56278DB-5A76-8965-3DCD-62864F2AB75D}.Debug|Any CPU.ActiveCfg = Debug|Any CPU
		{C56278DB-5A76-8965-3DCD-62864F2AB75D}.Debug|Any CPU.Build.0 = Debug|Any CPU
		{C56278DB-5A76-8965-3DCD-62864F2AB75D}.Release|Any CPU.ActiveCfg = Release|Any CPU
		{C56278DB-5A76-8965-3DCD-62864F2AB75D}.Release|Any CPU.Build.0 = Release|Any CPU
		{D7D71A3D-4AD6-4A77-F2FE-24A896AB0F50}.Debug|Any CPU.ActiveCfg = Debug|Any CPU
		{D7D71A3D-4AD6-4A77-F2FE-24A896AB0F50}.Debug|Any CPU.Build.0 = Debug|Any CPU
		{D7D71A3D-4AD6-4A77-F2FE-24A896AB0F50}.Release|Any CPU.ActiveCfg = Release|Any CPU
		{D7D71A3D-4AD6-4A77-F2FE-24A896AB0F50}.Release|Any CPU.Build.0 = Release|Any CPU
		{9A2FCBFB-D6DB-93B7-C243-C0E599BBAD1A}.Debug|Any CPU.ActiveCfg = Debug|Any CPU
		{9A2FCBFB-D6DB-93B7-C243-C0E599BBAD1A}.Debug|Any CPU.Build.0 = Debug|Any CPU
		{9A2FCBFB-D6DB-93B7-C243-C0E599BBAD1A}.Release|Any CPU.ActiveCfg = Release|Any CPU
		{9A2FCBFB-D6DB-93B7-C243-C0E599BBAD1A}.Release|Any CPU.Build.0 = Release|Any CPU
		{E5AEE517-2E4A-BEB7-443E-247F0F7E9D10}.Debug|Any CPU.ActiveCfg = Debug|Any CPU
		{E5AEE517-2E4A-BEB7-443E-247F0F7E9D10}.Debug|Any CPU.Build.0 = Debug|Any CPU
		{E5AEE517-2E4A-BEB7-443E-247F0F7E9D10}.Release|Any CPU.ActiveCfg = Release|Any CPU
		{E5AEE517-2E4A-BEB7-443E-247F0F7E9D10}.Release|Any CPU.Build.0 = Release|Any CPU
		{2385DDB8-CA07-F871-10DD-BFC5D4C20AEA}.Debug|Any CPU.ActiveCfg = Debug|Any CPU
		{2385DDB8-CA07-F871-10DD-BFC5D4C20AEA}.Debug|Any CPU.Build.0 = Debug|Any CPU
		{2385DDB8-CA07-F871-10DD-BFC5D4C20AEA}.Release|Any CPU.ActiveCfg = Release|Any CPU
		{2385DDB8-CA07-F871-10DD-BFC5D4C20AEA}.Release|Any CPU.Build.0 = Release|Any CPU
	EndGlobalSection
	GlobalSection(SolutionProperties) = preSolution
		HideSolutionNode = FALSE
	EndGlobalSection
	GlobalSection(NestedProjects) = preSolution
		{F0CF0C0A-3DBE-4886-B2A8-BCA4D8FAD5B8} = {F8149662-4C0E-4177-9FE0-EDCEF4EC1895}
		{6875A189-CF67-44C5-8C15-181888C73296} = {F0CF0C0A-3DBE-4886-B2A8-BCA4D8FAD5B8}
		{1A72FD91-CE81-4770-81F9-7751C6C108E2} = {E49B08EE-2E2C-471E-BE62-0032D903A4CA}
		{C96E46C5-FC54-4AE5-B043-52D8709B8C3C} = {E49B08EE-2E2C-471E-BE62-0032D903A4CA}
		{100E42A7-ED44-4362-87D3-BFE7364AA597} = {E49B08EE-2E2C-471E-BE62-0032D903A4CA}
		{9770E99F-1FD1-46CC-8A6B-0894C7AFFA6F} = {E49B08EE-2E2C-471E-BE62-0032D903A4CA}
		{8AE22F19-C1EF-4B41-BAD6-CC34A56F256C} = {9770E99F-1FD1-46CC-8A6B-0894C7AFFA6F}
		{7EF9484E-CDE2-4D23-B6A7-EED4A2DBD79C} = {9770E99F-1FD1-46CC-8A6B-0894C7AFFA6F}
		{FC20ECB5-FBB5-4CCE-8495-13C31D2E8512} = {9770E99F-1FD1-46CC-8A6B-0894C7AFFA6F}
		{8B01E7B1-3BC0-4741-94CC-EC2EC07F29A5} = {9770E99F-1FD1-46CC-8A6B-0894C7AFFA6F}
		{CA75F02F-CEDD-4A08-A62C-EA664C208F52} = {1A72FD91-CE81-4770-81F9-7751C6C108E2}
		{6FA0C208-3DA2-4268-B100-AE6372A89118} = {1A72FD91-CE81-4770-81F9-7751C6C108E2}
		{AB6ABACE-8062-48DC-814F-71E23F159412} = {1A72FD91-CE81-4770-81F9-7751C6C108E2}
		{88D19D23-113B-4D38-9AC5-AC8B782FFE8A} = {1A72FD91-CE81-4770-81F9-7751C6C108E2}
		{AF5E0AD1-4DFB-4550-90AA-C4C327FBDA3C} = {C96E46C5-FC54-4AE5-B043-52D8709B8C3C}
		{BFC2377E-D152-4E22-8D41-C0CE96547467} = {C96E46C5-FC54-4AE5-B043-52D8709B8C3C}
		{3E78CFB0-5827-45C5-B18A-F621EB8EBBB0} = {C96E46C5-FC54-4AE5-B043-52D8709B8C3C}
		{22F28645-0A0C-4688-9C37-11C83469D117} = {C96E46C5-FC54-4AE5-B043-52D8709B8C3C}
		{E1437D11-F8AE-41AA-925F-C76DD12F3281} = {100E42A7-ED44-4362-87D3-BFE7364AA597}
		{C2D58ED3-83E4-4EB0-BE6D-971B5EBDB29F} = {100E42A7-ED44-4362-87D3-BFE7364AA597}
		{9191F287-3E23-42BB-B357-F97B13C49AC6} = {100E42A7-ED44-4362-87D3-BFE7364AA597}
		{68D0F76E-A087-4FF1-9EC0-E5E7A3F02B0E} = {100E42A7-ED44-4362-87D3-BFE7364AA597}
		{6E26491D-631E-4C0A-B968-A5B870DE0B66} = {E49B08EE-2E2C-471E-BE62-0032D903A4CA}
		{7333D05C-2E0D-41E6-9913-08944FBF2B21} = {6E26491D-631E-4C0A-B968-A5B870DE0B66}
		{CC38D137-9D3C-4EEF-B0F2-4BF44029D396} = {6E26491D-631E-4C0A-B968-A5B870DE0B66}
		{845A56E2-356D-4CA7-8924-5FA28C8527F4} = {6E26491D-631E-4C0A-B968-A5B870DE0B66}
		{E163543A-CC13-4C77-8FD0-F47331399ADA} = {6E26491D-631E-4C0A-B968-A5B870DE0B66}
		{47F02A33-5827-4874-891E-F80D0095049F} = {E49B08EE-2E2C-471E-BE62-0032D903A4CA}
		{4343CF34-F0EE-476E-A0F1-7D04440AC8E0} = {47F02A33-5827-4874-891E-F80D0095049F}
		{70BF59E7-50AB-4DDC-A60F-FADC5499502F} = {6E26491D-631E-4C0A-B968-A5B870DE0B66}
		{3D6EECE3-EDF9-4A60-A10C-A786F6F55D46} = {9770E99F-1FD1-46CC-8A6B-0894C7AFFA6F}
		{0A050336-B3C2-4E25-99D6-3690695F818D} = {1A72FD91-CE81-4770-81F9-7751C6C108E2}
		{EE01CB97-67B4-41B3-8BDB-2ED730DF8E4A} = {100E42A7-ED44-4362-87D3-BFE7364AA597}
		{4EB4C09F-F419-4B33-B11A-EADBE5637E01} = {C96E46C5-FC54-4AE5-B043-52D8709B8C3C}
		{BCA01E88-12D7-4719-ADBD-EEA06C0BE32D} = {6E26491D-631E-4C0A-B968-A5B870DE0B66}
		{5EF8CF9E-883D-4939-AE65-48CA94D0D8EE} = {BCA01E88-12D7-4719-ADBD-EEA06C0BE32D}
		{C53B2E6F-74CA-4ECA-8E70-E1B61A95DF7D} = {BCA01E88-12D7-4719-ADBD-EEA06C0BE32D}
		{F9329CE9-37CC-461C-B5A6-33BACCC8EF51} = {9770E99F-1FD1-46CC-8A6B-0894C7AFFA6F}
		{818AC90D-762B-4C5F-980D-4E6245A65E3D} = {F9329CE9-37CC-461C-B5A6-33BACCC8EF51}
		{96BF8192-7A41-4CEC-B8E1-0DDE14F0089F} = {F9329CE9-37CC-461C-B5A6-33BACCC8EF51}
		{F0213830-FCA6-DB92-A6C6-6713FF114E00} = {7333D05C-2E0D-41E6-9913-08944FBF2B21}
		{67BCEE71-CE39-45E9-0710-521DF7D071B0} = {CC38D137-9D3C-4EEF-B0F2-4BF44029D396}
		{E660AA32-B1E2-A096-A5E9-3603F45EF954} = {70BF59E7-50AB-4DDC-A60F-FADC5499502F}
		{138B7646-DFE5-CFD0-9691-1254CA55D902} = {845A56E2-356D-4CA7-8924-5FA28C8527F4}
		{E29F7212-F5E2-6CA5-15C7-2F1C53964E70} = {E163543A-CC13-4C77-8FD0-F47331399ADA}
		{B809FA44-2487-8FC7-2A11-E1446BF0362A} = {C53B2E6F-74CA-4ECA-8E70-E1B61A95DF7D}
		{5623BF65-B13A-5D27-73D9-4646D9852B8E} = {5EF8CF9E-883D-4939-AE65-48CA94D0D8EE}
		{2FED3CA0-893F-0923-25DF-FD714B3107DD} = {8AE22F19-C1EF-4B41-BAD6-CC34A56F256C}
		{647CB55A-B1EF-4366-BB81-44FFDED77C19} = {7EF9484E-CDE2-4D23-B6A7-EED4A2DBD79C}
		{1AE7C006-1326-C17C-DC27-47D562A7C0B3} = {3D6EECE3-EDF9-4A60-A10C-A786F6F55D46}
		{35535859-6D13-9830-7978-09F1D1E26923} = {8B01E7B1-3BC0-4741-94CC-EC2EC07F29A5}
		{8E5203D2-FE9E-4D75-0D8F-17F496AB6773} = {FC20ECB5-FBB5-4CCE-8495-13C31D2E8512}
		{40F23ACC-6EAB-FA64-2DBD-2A532C0817CE} = {96BF8192-7A41-4CEC-B8E1-0DDE14F0089F}
		{83F4ED19-F6B6-C6F3-1DA7-A9CFBEB79E4D} = {4343CF34-F0EE-476E-A0F1-7D04440AC8E0}
		{59829795-36FC-4C6E-83EC-8DB60BC031E7} = {68D0F76E-A087-4FF1-9EC0-E5E7A3F02B0E}
		{8521C144-3174-E6E2-F993-BCC930BFDD83} = {9191F287-3E23-42BB-B357-F97B13C49AC6}
		{4BD9651C-83B1-C35B-AEEB-8F034FF759F6} = {EE01CB97-67B4-41B3-8BDB-2ED730DF8E4A}
		{74B2115A-32A2-C2F5-093B-7DB7A4A798B5} = {E1437D11-F8AE-41AA-925F-C76DD12F3281}
		{ED9EFDC9-C0F3-F6D6-8E14-45D606FAF389} = {C2D58ED3-83E4-4EB0-BE6D-971B5EBDB29F}
		{F63160B3-D864-7535-0024-5F4083CED32F} = {AB6ABACE-8062-48DC-814F-71E23F159412}
		{004D0D5E-E432-445E-F031-9E32D029F546} = {0A050336-B3C2-4E25-99D6-3690695F818D}
		{18B4EBE8-7515-55D2-E4BA-59E74DA30FA5} = {CA75F02F-CEDD-4A08-A62C-EA664C208F52}
		{AE7D9819-8C97-1551-96C1-B095FE8774FE} = {22F28645-0A0C-4688-9C37-11C83469D117}
		{1B83DE99-D25D-AB36-A97B-17E9F6FD4C16} = {3E78CFB0-5827-45C5-B18A-F621EB8EBBB0}
		{C56278DB-5A76-8965-3DCD-62864F2AB75D} = {4EB4C09F-F419-4B33-B11A-EADBE5637E01}
		{D7D71A3D-4AD6-4A77-F2FE-24A896AB0F50} = {AF5E0AD1-4DFB-4550-90AA-C4C327FBDA3C}
		{9A2FCBFB-D6DB-93B7-C243-C0E599BBAD1A} = {6FA0C208-3DA2-4268-B100-AE6372A89118}
		{E5AEE517-2E4A-BEB7-443E-247F0F7E9D10} = {88D19D23-113B-4D38-9AC5-AC8B782FFE8A}
		{2385DDB8-CA07-F871-10DD-BFC5D4C20AEA} = {BFC2377E-D152-4E22-8D41-C0CE96547467}
	EndGlobalSection
	GlobalSection(ExtensibilityGlobals) = postSolution
		SolutionGuid = {9DD91AFE-550D-48F3-9C0B-14FC12D42555}
	EndGlobalSection
EndGlobal
