
Microsoft Visual Studio Solution File, Format Version 12.00
# Visual Studio Version 17
VisualStudioVersion = 17.12.35527.113
MinimumVisualStudioVersion = 10.0.40219.1
Project("{2150E333-8FDC-42A3-9474-1A3956D46DE8}") = "Backend", "Backend", "{E49B08EE-2E2C-471E-BE62-0032D903A4CA}"
EndProject
Project("{2150E333-8FDC-42A3-9474-1A3956D46DE8}") = "Frontend", "Frontend", "{F8149662-4C0E-4177-9FE0-EDCEF4EC1895}"
EndProject
Project("{2150E333-8FDC-42A3-9474-1A3956D46DE8}") = "Web", "Web", "{F0CF0C0A-3DBE-4886-B2A8-BCA4D8FAD5B8}"
EndProject
Project("{FAE04EC0-301F-11D3-BF4B-00C04F79EFBC}") = "PS.FreeBookHub_Lite.Web", "PS.FreeBookHub_Lite.Web\PS.FreeBookHub_Lite.Web.csproj", "{6875A189-CF67-44C5-8C15-181888C73296}"
EndProject
Project("{2150E333-8FDC-42A3-9474-1A3956D46DE8}") = "CatalogService", "CatalogService", "{1A72FD91-CE81-4770-81F9-7751C6C108E2}"
EndProject
Project("{2150E333-8FDC-42A3-9474-1A3956D46DE8}") = "PaymentService", "PaymentService", "{C96E46C5-FC54-4AE5-B043-52D8709B8C3C}"
EndProject
Project("{2150E333-8FDC-42A3-9474-1A3956D46DE8}") = "OrderService", "OrderService", "{100E42A7-ED44-4362-87D3-BFE7364AA597}"
EndProject
Project("{2150E333-8FDC-42A3-9474-1A3956D46DE8}") = "CartService", "CartService", "{9770E99F-1FD1-46CC-8A6B-0894C7AFFA6F}"
EndProject
Project("{2150E333-8FDC-42A3-9474-1A3956D46DE8}") = "API", "API", "{8AE22F19-C1EF-4B41-BAD6-CC34A56F256C}"
EndProject
Project("{2150E333-8FDC-42A3-9474-1A3956D46DE8}") = "Application", "Application", "{7EF9484E-CDE2-4D23-B6A7-EED4A2DBD79C}"
EndProject
Project("{2150E333-8FDC-42A3-9474-1A3956D46DE8}") = "Infrastructure", "Infrastructure", "{FC20ECB5-FBB5-4CCE-8495-13C31D2E8512}"
EndProject
Project("{2150E333-8FDC-42A3-9474-1A3956D46DE8}") = "Domain", "Domain", "{8B01E7B1-3BC0-4741-94CC-EC2EC07F29A5}"
EndProject
Project("{2150E333-8FDC-42A3-9474-1A3956D46DE8}") = "Domain", "Domain", "{CA75F02F-CEDD-4A08-A62C-EA664C208F52}"
EndProject
Project("{2150E333-8FDC-42A3-9474-1A3956D46DE8}") = "Infrastructure", "Infrastructure", "{6FA0C208-3DA2-4268-B100-AE6372A89118}"
EndProject
Project("{2150E333-8FDC-42A3-9474-1A3956D46DE8}") = "Application", "Application", "{AB6ABACE-8062-48DC-814F-71E23F159412}"
EndProject
Project("{2150E333-8FDC-42A3-9474-1A3956D46DE8}") = "API", "API", "{88D19D23-113B-4D38-9AC5-AC8B782FFE8A}"
EndProject
Project("{2150E333-8FDC-42A3-9474-1A3956D46DE8}") = "Domain", "Domain", "{AF5E0AD1-4DFB-4550-90AA-C4C327FBDA3C}"
EndProject
Project("{2150E333-8FDC-42A3-9474-1A3956D46DE8}") = "Infrastructure", "Infrastructure", "{BFC2377E-D152-4E22-8D41-C0CE96547467}"
EndProject
Project("{2150E333-8FDC-42A3-9474-1A3956D46DE8}") = "Application", "Application", "{3E78CFB0-5827-45C5-B18A-F621EB8EBBB0}"
EndProject
Project("{2150E333-8FDC-42A3-9474-1A3956D46DE8}") = "API", "API", "{22F28645-0A0C-4688-9C37-11C83469D117}"
EndProject
Project("{2150E333-8FDC-42A3-9474-1A3956D46DE8}") = "Domain", "Domain", "{E1437D11-F8AE-41AA-925F-C76DD12F3281}"
EndProject
Project("{2150E333-8FDC-42A3-9474-1A3956D46DE8}") = "Infrastructure", "Infrastructure", "{C2D58ED3-83E4-4EB0-BE6D-971B5EBDB29F}"
EndProject
Project("{2150E333-8FDC-42A3-9474-1A3956D46DE8}") = "Application", "Application", "{9191F287-3E23-42BB-B357-F97B13C49AC6}"
EndProject
Project("{2150E333-8FDC-42A3-9474-1A3956D46DE8}") = "API", "API", "{68D0F76E-A087-4FF1-9EC0-E5E7A3F02B0E}"
EndProject
Project("{FAE04EC0-301F-11D3-BF4B-00C04F79EFBC}") = "PS.FreeBookHub_Lite.CartService.API", "PS.FreeBookHub_Lite.CartService.API\PS.FreeBookHub_Lite.CartService.API.csproj", "{E8B921C2-72EA-4ED4-AA75-F83ACAAB8F74}"
EndProject
Project("{FAE04EC0-301F-11D3-BF4B-00C04F79EFBC}") = "PS.FreeBookHub_Lite.CartService.Application", "PS.FreeBookHub_Lite.CartService.Application\PS.FreeBookHub_Lite.CartService.Application.csproj", "{83731575-6298-4647-9D73-FFB8A49EF549}"
EndProject
Project("{FAE04EC0-301F-11D3-BF4B-00C04F79EFBC}") = "PS.FreeBookHub_Lite.CartService.Domain", "PS.FreeBookHub_Lite.CartService.Domain\PS.FreeBookHub_Lite.CartService.Domain.csproj", "{B5F04667-BF0D-4803-B8C1-39F05B03E8C9}"
EndProject
Project("{FAE04EC0-301F-11D3-BF4B-00C04F79EFBC}") = "PS.FreeBookHub_Lite.CartService.Infrastructure", "PS.FreeBookHub_Lite.CartService.Infrastructure\PS.FreeBookHub_Lite.CartService.Infrastructure.csproj", "{A869D22B-7022-45AF-B06E-E2313CFF55BA}"
EndProject
Project("{FAE04EC0-301F-11D3-BF4B-00C04F79EFBC}") = "PS.FreeBookHub_Lite.CatalogService.API", "PS.FreeBookHub_Lite.CatalogService.API\PS.FreeBookHub_Lite.CatalogService.API.csproj", "{984769B2-96E5-4390-B411-74B4F580F78C}"
EndProject
Project("{FAE04EC0-301F-11D3-BF4B-00C04F79EFBC}") = "PS.FreeBookHub_Lite.CatalogService.Application", "PS.FreeBookHub_Lite.CatalogService.Application\PS.FreeBookHub_Lite.CatalogService.Application.csproj", "{6BC7F341-26A4-43FA-AB03-2DC06965F1EE}"
EndProject
Project("{FAE04EC0-301F-11D3-BF4B-00C04F79EFBC}") = "PS.FreeBookHub_Lite.CatalogService.Domain", "PS.FreeBookHub_Lite.CatalogService.Domain\PS.FreeBookHub_Lite.CatalogService.Domain.csproj", "{986DCB3B-5224-4935-9088-FB9CDD3D44D2}"
EndProject
Project("{FAE04EC0-301F-11D3-BF4B-00C04F79EFBC}") = "PS.FreeBookHub_Lite.CatalogService.Infrastructure", "PS.FreeBookHub_Lite.CatalogService.Infrastructure\PS.FreeBookHub_Lite.CatalogService.Infrastructure.csproj", "{452AFE86-CECE-491F-8B78-1BD50A41840C}"
EndProject
Project("{FAE04EC0-301F-11D3-BF4B-00C04F79EFBC}") = "PS.FreeBookHub_Lite.OrderService.API", "PS.FreeBookHub_Lite.OrderService.API\PS.FreeBookHub_Lite.OrderService.API.csproj", "{4F2EE47B-42B1-43D7-A056-18F696E1CF91}"
EndProject
Project("{FAE04EC0-301F-11D3-BF4B-00C04F79EFBC}") = "PS.FreeBookHub_Lite.OrderService.Application", "PS.FreeBookHub_Lite.OrderService.Application\PS.FreeBookHub_Lite.OrderService.Application.csproj", "{27D6FFB8-4016-4543-800B-267D5AD5D2BC}"
EndProject
Project("{FAE04EC0-301F-11D3-BF4B-00C04F79EFBC}") = "PS.FreeBookHub_Lite.OrderService.Domain", "PS.FreeBookHub_Lite.OrderService.Domain\PS.FreeBookHub_Lite.OrderService.Domain.csproj", "{5771CD37-5F5C-4299-B7A8-DF9F1889697E}"
EndProject
Project("{FAE04EC0-301F-11D3-BF4B-00C04F79EFBC}") = "PS.FreeBookHub_Lite.OrderService.Infrastructure", "PS.FreeBookHub_Lite.OrderService.Infrastructure\PS.FreeBookHub_Lite.OrderService.Infrastructure.csproj", "{F2CB8020-A37C-4B79-8B8A-47AD1B4713C7}"
EndProject
Project("{FAE04EC0-301F-11D3-BF4B-00C04F79EFBC}") = "PS.FreeBookHub_Lite.PaymentService.API", "PS.FreeBookHub_Lite.PaymentService.API\PS.FreeBookHub_Lite.PaymentService.API.csproj", "{6184D583-D516-40A5-9706-FDD3AFB9232B}"
EndProject
Project("{FAE04EC0-301F-11D3-BF4B-00C04F79EFBC}") = "PS.FreeBookHub_Lite.PaymentService.Application", "PS.FreeBookHub_Lite.PaymentService.Application\PS.FreeBookHub_Lite.PaymentService.Application.csproj", "{9B50753B-16A7-4E2B-B472-9F00B8787005}"
EndProject
Project("{FAE04EC0-301F-11D3-BF4B-00C04F79EFBC}") = "PS.FreeBookHub_Lite.PaymentService.Domain", "PS.FreeBookHub_Lite.PaymentService.Domain\PS.FreeBookHub_Lite.PaymentService.Domain.csproj", "{B1BBABA4-CE3E-452A-BC26-70AC3C9B3575}"
EndProject
Project("{FAE04EC0-301F-11D3-BF4B-00C04F79EFBC}") = "PS.FreeBookHub_Lite.PaymentService.Infrastructure", "PS.FreeBookHub_Lite.PaymentService.Infrastructure\PS.FreeBookHub_Lite.PaymentService.Infrastructure.csproj", "{EC2DE812-464F-491B-A45E-E9A8C575775D}"
EndProject
Project("{2150E333-8FDC-42A3-9474-1A3956D46DE8}") = "AuthService", "AuthService", "{6E26491D-631E-4C0A-B968-A5B870DE0B66}"
EndProject
Project("{2150E333-8FDC-42A3-9474-1A3956D46DE8}") = "API", "API", "{7333D05C-2E0D-41E6-9913-08944FBF2B21}"
EndProject
Project("{2150E333-8FDC-42A3-9474-1A3956D46DE8}") = "Application", "Application", "{CC38D137-9D3C-4EEF-B0F2-4BF44029D396}"
EndProject
Project("{2150E333-8FDC-42A3-9474-1A3956D46DE8}") = "Domain", "Domain", "{845A56E2-356D-4CA7-8924-5FA28C8527F4}"
EndProject
Project("{2150E333-8FDC-42A3-9474-1A3956D46DE8}") = "Infrastructure", "Infrastructure", "{E163543A-CC13-4C77-8FD0-F47331399ADA}"
EndProject
Project("{FAE04EC0-301F-11D3-BF4B-00C04F79EFBC}") = "PS.FreeBookHub_Lite.AuthService.API", "PS.FreeBookHub_Lite.AuthService.API\PS.FreeBookHub_Lite.AuthService.API.csproj", "{A006DEFC-3F6A-4FBB-98F7-30E9C5D6A8CA}"
EndProject
Project("{FAE04EC0-301F-11D3-BF4B-00C04F79EFBC}") = "PS.FreeBookHub_Lite.AuthService.Application", "PS.FreeBookHub_Lite.AuthService.Application\PS.FreeBookHub_Lite.AuthService.Application.csproj", "{D5AD77F3-8D86-47B7-8BCD-4E677B3751C5}"
EndProject
Project("{FAE04EC0-301F-11D3-BF4B-00C04F79EFBC}") = "PS.FreeBookHub_Lite.AuthService.Domain", "PS.FreeBookHub_Lite.AuthService.Domain\PS.FreeBookHub_Lite.AuthService.Domain.csproj", "{27759EA9-38DC-46C4-8F89-68E82FDB835E}"
EndProject
Project("{FAE04EC0-301F-11D3-BF4B-00C04F79EFBC}") = "PS.FreeBookHub_Lite.AuthService.Infrastructure", "PS.FreeBookHub_Lite.AuthService.Infrastructure\PS.FreeBookHub_Lite.AuthService.Infrastructure.csproj", "{70DCED31-D9FE-4FC7-8FCC-42148CE5EE2A}"
EndProject
Project("{2150E333-8FDC-42A3-9474-1A3956D46DE8}") = "Gateway", "Gateway", "{47F02A33-5827-4874-891E-F80D0095049F}"
EndProject
Project("{2150E333-8FDC-42A3-9474-1A3956D46DE8}") = "API", "API", "{4343CF34-F0EE-476E-A0F1-7D04440AC8E0}"
EndProject
Project("{FAE04EC0-301F-11D3-BF4B-00C04F79EFBC}") = "PS.FreeBookHub.Gateway.API", "PS.FreeBookHub.Gateway.API\PS.FreeBookHub.Gateway.API.csproj", "{D4C42FC8-F879-4917-BCCA-57DF6CFB2CA7}"
EndProject
Project("{2150E333-8FDC-42A3-9474-1A3956D46DE8}") = "Common", "Common", "{70BF59E7-50AB-4DDC-A60F-FADC5499502F}"
EndProject
Project("{FAE04EC0-301F-11D3-BF4B-00C04F79EFBC}") = "PS.FreeBookHub_Lite.AuthService.Common", "PS.FreeBookHub_Lite.AuthService.Common\PS.FreeBookHub_Lite.AuthService.Common.csproj", "{98EB8D5F-F88D-4EDE-8083-C5BE86BF9B6C}"
EndProject
Project("{2150E333-8FDC-42A3-9474-1A3956D46DE8}") = "Common", "Common", "{3D6EECE3-EDF9-4A60-A10C-A786F6F55D46}"
EndProject
Project("{FAE04EC0-301F-11D3-BF4B-00C04F79EFBC}") = "PS.FreeBookHub_Lite.CartService.Common", "PS.FreeBookHub_Lite.CartService.Common\PS.FreeBookHub_Lite.CartService.Common.csproj", "{825075E0-EEEE-4B21-A562-F5B729089736}"
EndProject
Project("{2150E333-8FDC-42A3-9474-1A3956D46DE8}") = "Common", "Common", "{0A050336-B3C2-4E25-99D6-3690695F818D}"
EndProject
Project("{FAE04EC0-301F-11D3-BF4B-00C04F79EFBC}") = "PS.FreeBookHub_Lite.CatalogService.Common", "PS.FreeBookHub_Lite.CatalogService.Common\PS.FreeBookHub_Lite.CatalogService.Common.csproj", "{0E9A0425-A107-42A7-AA2E-62E15612031B}"
EndProject
Project("{2150E333-8FDC-42A3-9474-1A3956D46DE8}") = "Common", "Common", "{EE01CB97-67B4-41B3-8BDB-2ED730DF8E4A}"
EndProject
Project("{FAE04EC0-301F-11D3-BF4B-00C04F79EFBC}") = "PS.FreeBookHub_Lite.OrderService.Common", "PS.FreeBookHub_Lite.OrderService.Common\PS.FreeBookHub_Lite.OrderService.Common.csproj", "{A32F0EB8-578E-4ECE-804B-B29FFF2D77C8}"
EndProject
Project("{2150E333-8FDC-42A3-9474-1A3956D46DE8}") = "Common", "Common", "{4EB4C09F-F419-4B33-B11A-EADBE5637E01}"
EndProject
Project("{FAE04EC0-301F-11D3-BF4B-00C04F79EFBC}") = "PS.FreeBookHub_Lite.PaymentService.Common", "PS.FreeBookHub_Lite.PaymentService.Common\PS.FreeBookHub_Lite.PaymentService.Common.csproj", "{43B40937-44B9-4F07-9608-0E2EB3878735}"
EndProject
Project("{FAE04EC0-301F-11D3-BF4B-00C04F79EFBC}") = "AuthService.UnitTests", "..\..\tests\AuthService\Unit\AuthService.UnitTests\AuthService.UnitTests.csproj", "{FEF7CA2F-3DCF-4AC5-885D-E5D23217AEAE}"
EndProject
Project("{2150E333-8FDC-42A3-9474-1A3956D46DE8}") = "tests", "tests", "{BCA01E88-12D7-4719-ADBD-EEA06C0BE32D}"
EndProject
Project("{2150E333-8FDC-42A3-9474-1A3956D46DE8}") = "Unit", "Unit", "{5EF8CF9E-883D-4939-AE65-48CA94D0D8EE}"
EndProject
Project("{2150E333-8FDC-42A3-9474-1A3956D46DE8}") = "Integration", "Integration", "{C53B2E6F-74CA-4ECA-8E70-E1B61A95DF7D}"
EndProject
Project("{FAE04EC0-301F-11D3-BF4B-00C04F79EFBC}") = "AuthService.IntegrationTests", "..\..\tests\AuthService\Integration\AuthService.IntegrationTests\AuthService.IntegrationTests.csproj", "{7D5C5AFE-3F4B-417B-B803-C6BD9988420D}"
EndProject
Global
	GlobalSection(SolutionConfigurationPlatforms) = preSolution
		Debug|Any CPU = Debug|Any CPU
		Release|Any CPU = Release|Any CPU
	EndGlobalSection
	GlobalSection(ProjectConfigurationPlatforms) = postSolution
		{6875A189-CF67-44C5-8C15-181888C73296}.Debug|Any CPU.ActiveCfg = Debug|Any CPU
		{6875A189-CF67-44C5-8C15-181888C73296}.Debug|Any CPU.Build.0 = Debug|Any CPU
		{6875A189-CF67-44C5-8C15-181888C73296}.Release|Any CPU.ActiveCfg = Release|Any CPU
		{6875A189-CF67-44C5-8C15-181888C73296}.Release|Any CPU.Build.0 = Release|Any CPU
		{E8B921C2-72EA-4ED4-AA75-F83ACAAB8F74}.Debug|Any CPU.ActiveCfg = Debug|Any CPU
		{E8B921C2-72EA-4ED4-AA75-F83ACAAB8F74}.Debug|Any CPU.Build.0 = Debug|Any CPU
		{E8B921C2-72EA-4ED4-AA75-F83ACAAB8F74}.Release|Any CPU.ActiveCfg = Release|Any CPU
		{E8B921C2-72EA-4ED4-AA75-F83ACAAB8F74}.Release|Any CPU.Build.0 = Release|Any CPU
		{83731575-6298-4647-9D73-FFB8A49EF549}.Debug|Any CPU.ActiveCfg = Debug|Any CPU
		{83731575-6298-4647-9D73-FFB8A49EF549}.Debug|Any CPU.Build.0 = Debug|Any CPU
		{83731575-6298-4647-9D73-FFB8A49EF549}.Release|Any CPU.ActiveCfg = Release|Any CPU
		{83731575-6298-4647-9D73-FFB8A49EF549}.Release|Any CPU.Build.0 = Release|Any CPU
		{B5F04667-BF0D-4803-B8C1-39F05B03E8C9}.Debug|Any CPU.ActiveCfg = Debug|Any CPU
		{B5F04667-BF0D-4803-B8C1-39F05B03E8C9}.Debug|Any CPU.Build.0 = Debug|Any CPU
		{B5F04667-BF0D-4803-B8C1-39F05B03E8C9}.Release|Any CPU.ActiveCfg = Release|Any CPU
		{B5F04667-BF0D-4803-B8C1-39F05B03E8C9}.Release|Any CPU.Build.0 = Release|Any CPU
		{A869D22B-7022-45AF-B06E-E2313CFF55BA}.Debug|Any CPU.ActiveCfg = Debug|Any CPU
		{A869D22B-7022-45AF-B06E-E2313CFF55BA}.Debug|Any CPU.Build.0 = Debug|Any CPU
		{A869D22B-7022-45AF-B06E-E2313CFF55BA}.Release|Any CPU.ActiveCfg = Release|Any CPU
		{A869D22B-7022-45AF-B06E-E2313CFF55BA}.Release|Any CPU.Build.0 = Release|Any CPU
		{984769B2-96E5-4390-B411-74B4F580F78C}.Debug|Any CPU.ActiveCfg = Debug|Any CPU
		{984769B2-96E5-4390-B411-74B4F580F78C}.Debug|Any CPU.Build.0 = Debug|Any CPU
		{984769B2-96E5-4390-B411-74B4F580F78C}.Release|Any CPU.ActiveCfg = Release|Any CPU
		{984769B2-96E5-4390-B411-74B4F580F78C}.Release|Any CPU.Build.0 = Release|Any CPU
		{6BC7F341-26A4-43FA-AB03-2DC06965F1EE}.Debug|Any CPU.ActiveCfg = Debug|Any CPU
		{6BC7F341-26A4-43FA-AB03-2DC06965F1EE}.Debug|Any CPU.Build.0 = Debug|Any CPU
		{6BC7F341-26A4-43FA-AB03-2DC06965F1EE}.Release|Any CPU.ActiveCfg = Release|Any CPU
		{6BC7F341-26A4-43FA-AB03-2DC06965F1EE}.Release|Any CPU.Build.0 = Release|Any CPU
		{986DCB3B-5224-4935-9088-FB9CDD3D44D2}.Debug|Any CPU.ActiveCfg = Debug|Any CPU
		{986DCB3B-5224-4935-9088-FB9CDD3D44D2}.Debug|Any CPU.Build.0 = Debug|Any CPU
		{986DCB3B-5224-4935-9088-FB9CDD3D44D2}.Release|Any CPU.ActiveCfg = Release|Any CPU
		{986DCB3B-5224-4935-9088-FB9CDD3D44D2}.Release|Any CPU.Build.0 = Release|Any CPU
		{452AFE86-CECE-491F-8B78-1BD50A41840C}.Debug|Any CPU.ActiveCfg = Debug|Any CPU
		{452AFE86-CECE-491F-8B78-1BD50A41840C}.Debug|Any CPU.Build.0 = Debug|Any CPU
		{452AFE86-CECE-491F-8B78-1BD50A41840C}.Release|Any CPU.ActiveCfg = Release|Any CPU
		{452AFE86-CECE-491F-8B78-1BD50A41840C}.Release|Any CPU.Build.0 = Release|Any CPU
		{4F2EE47B-42B1-43D7-A056-18F696E1CF91}.Debug|Any CPU.ActiveCfg = Debug|Any CPU
		{4F2EE47B-42B1-43D7-A056-18F696E1CF91}.Debug|Any CPU.Build.0 = Debug|Any CPU
		{4F2EE47B-42B1-43D7-A056-18F696E1CF91}.Release|Any CPU.ActiveCfg = Release|Any CPU
		{4F2EE47B-42B1-43D7-A056-18F696E1CF91}.Release|Any CPU.Build.0 = Release|Any CPU
		{27D6FFB8-4016-4543-800B-267D5AD5D2BC}.Debug|Any CPU.ActiveCfg = Debug|Any CPU
		{27D6FFB8-4016-4543-800B-267D5AD5D2BC}.Debug|Any CPU.Build.0 = Debug|Any CPU
		{27D6FFB8-4016-4543-800B-267D5AD5D2BC}.Release|Any CPU.ActiveCfg = Release|Any CPU
		{27D6FFB8-4016-4543-800B-267D5AD5D2BC}.Release|Any CPU.Build.0 = Release|Any CPU
		{5771CD37-5F5C-4299-B7A8-DF9F1889697E}.Debug|Any CPU.ActiveCfg = Debug|Any CPU
		{5771CD37-5F5C-4299-B7A8-DF9F1889697E}.Debug|Any CPU.Build.0 = Debug|Any CPU
		{5771CD37-5F5C-4299-B7A8-DF9F1889697E}.Release|Any CPU.ActiveCfg = Release|Any CPU
		{5771CD37-5F5C-4299-B7A8-DF9F1889697E}.Release|Any CPU.Build.0 = Release|Any CPU
		{F2CB8020-A37C-4B79-8B8A-47AD1B4713C7}.Debug|Any CPU.ActiveCfg = Debug|Any CPU
		{F2CB8020-A37C-4B79-8B8A-47AD1B4713C7}.Debug|Any CPU.Build.0 = Debug|Any CPU
		{F2CB8020-A37C-4B79-8B8A-47AD1B4713C7}.Release|Any CPU.ActiveCfg = Release|Any CPU
		{F2CB8020-A37C-4B79-8B8A-47AD1B4713C7}.Release|Any CPU.Build.0 = Release|Any CPU
		{6184D583-D516-40A5-9706-FDD3AFB9232B}.Debug|Any CPU.ActiveCfg = Debug|Any CPU
		{6184D583-D516-40A5-9706-FDD3AFB9232B}.Debug|Any CPU.Build.0 = Debug|Any CPU
		{6184D583-D516-40A5-9706-FDD3AFB9232B}.Release|Any CPU.ActiveCfg = Release|Any CPU
		{6184D583-D516-40A5-9706-FDD3AFB9232B}.Release|Any CPU.Build.0 = Release|Any CPU
		{9B50753B-16A7-4E2B-B472-9F00B8787005}.Debug|Any CPU.ActiveCfg = Debug|Any CPU
		{9B50753B-16A7-4E2B-B472-9F00B8787005}.Debug|Any CPU.Build.0 = Debug|Any CPU
		{9B50753B-16A7-4E2B-B472-9F00B8787005}.Release|Any CPU.ActiveCfg = Release|Any CPU
		{9B50753B-16A7-4E2B-B472-9F00B8787005}.Release|Any CPU.Build.0 = Release|Any CPU
		{B1BBABA4-CE3E-452A-BC26-70AC3C9B3575}.Debug|Any CPU.ActiveCfg = Debug|Any CPU
		{B1BBABA4-CE3E-452A-BC26-70AC3C9B3575}.Debug|Any CPU.Build.0 = Debug|Any CPU
		{B1BBABA4-CE3E-452A-BC26-70AC3C9B3575}.Release|Any CPU.ActiveCfg = Release|Any CPU
		{B1BBABA4-CE3E-452A-BC26-70AC3C9B3575}.Release|Any CPU.Build.0 = Release|Any CPU
		{EC2DE812-464F-491B-A45E-E9A8C575775D}.Debug|Any CPU.ActiveCfg = Debug|Any CPU
		{EC2DE812-464F-491B-A45E-E9A8C575775D}.Debug|Any CPU.Build.0 = Debug|Any CPU
		{EC2DE812-464F-491B-A45E-E9A8C575775D}.Release|Any CPU.ActiveCfg = Release|Any CPU
		{EC2DE812-464F-491B-A45E-E9A8C575775D}.Release|Any CPU.Build.0 = Release|Any CPU
		{A006DEFC-3F6A-4FBB-98F7-30E9C5D6A8CA}.Debug|Any CPU.ActiveCfg = Debug|Any CPU
		{A006DEFC-3F6A-4FBB-98F7-30E9C5D6A8CA}.Debug|Any CPU.Build.0 = Debug|Any CPU
		{A006DEFC-3F6A-4FBB-98F7-30E9C5D6A8CA}.Release|Any CPU.ActiveCfg = Release|Any CPU
		{A006DEFC-3F6A-4FBB-98F7-30E9C5D6A8CA}.Release|Any CPU.Build.0 = Release|Any CPU
		{D5AD77F3-8D86-47B7-8BCD-4E677B3751C5}.Debug|Any CPU.ActiveCfg = Debug|Any CPU
		{D5AD77F3-8D86-47B7-8BCD-4E677B3751C5}.Debug|Any CPU.Build.0 = Debug|Any CPU
		{D5AD77F3-8D86-47B7-8BCD-4E677B3751C5}.Release|Any CPU.ActiveCfg = Release|Any CPU
		{D5AD77F3-8D86-47B7-8BCD-4E677B3751C5}.Release|Any CPU.Build.0 = Release|Any CPU
		{27759EA9-38DC-46C4-8F89-68E82FDB835E}.Debug|Any CPU.ActiveCfg = Debug|Any CPU
		{27759EA9-38DC-46C4-8F89-68E82FDB835E}.Debug|Any CPU.Build.0 = Debug|Any CPU
		{27759EA9-38DC-46C4-8F89-68E82FDB835E}.Release|Any CPU.ActiveCfg = Release|Any CPU
		{27759EA9-38DC-46C4-8F89-68E82FDB835E}.Release|Any CPU.Build.0 = Release|Any CPU
		{70DCED31-D9FE-4FC7-8FCC-42148CE5EE2A}.Debug|Any CPU.ActiveCfg = Debug|Any CPU
		{70DCED31-D9FE-4FC7-8FCC-42148CE5EE2A}.Debug|Any CPU.Build.0 = Debug|Any CPU
		{70DCED31-D9FE-4FC7-8FCC-42148CE5EE2A}.Release|Any CPU.ActiveCfg = Release|Any CPU
		{70DCED31-D9FE-4FC7-8FCC-42148CE5EE2A}.Release|Any CPU.Build.0 = Release|Any CPU
		{D4C42FC8-F879-4917-BCCA-57DF6CFB2CA7}.Debug|Any CPU.ActiveCfg = Debug|Any CPU
		{D4C42FC8-F879-4917-BCCA-57DF6CFB2CA7}.Debug|Any CPU.Build.0 = Debug|Any CPU
		{D4C42FC8-F879-4917-BCCA-57DF6CFB2CA7}.Release|Any CPU.ActiveCfg = Release|Any CPU
		{D4C42FC8-F879-4917-BCCA-57DF6CFB2CA7}.Release|Any CPU.Build.0 = Release|Any CPU
		{98EB8D5F-F88D-4EDE-8083-C5BE86BF9B6C}.Debug|Any CPU.ActiveCfg = Debug|Any CPU
		{98EB8D5F-F88D-4EDE-8083-C5BE86BF9B6C}.Debug|Any CPU.Build.0 = Debug|Any CPU
		{98EB8D5F-F88D-4EDE-8083-C5BE86BF9B6C}.Release|Any CPU.ActiveCfg = Release|Any CPU
		{98EB8D5F-F88D-4EDE-8083-C5BE86BF9B6C}.Release|Any CPU.Build.0 = Release|Any CPU
		{825075E0-EEEE-4B21-A562-F5B729089736}.Debug|Any CPU.ActiveCfg = Debug|Any CPU
		{825075E0-EEEE-4B21-A562-F5B729089736}.Debug|Any CPU.Build.0 = Debug|Any CPU
		{825075E0-EEEE-4B21-A562-F5B729089736}.Release|Any CPU.ActiveCfg = Release|Any CPU
		{825075E0-EEEE-4B21-A562-F5B729089736}.Release|Any CPU.Build.0 = Release|Any CPU
		{0E9A0425-A107-42A7-AA2E-62E15612031B}.Debug|Any CPU.ActiveCfg = Debug|Any CPU
		{0E9A0425-A107-42A7-AA2E-62E15612031B}.Debug|Any CPU.Build.0 = Debug|Any CPU
		{0E9A0425-A107-42A7-AA2E-62E15612031B}.Release|Any CPU.ActiveCfg = Release|Any CPU
		{0E9A0425-A107-42A7-AA2E-62E15612031B}.Release|Any CPU.Build.0 = Release|Any CPU
		{A32F0EB8-578E-4ECE-804B-B29FFF2D77C8}.Debug|Any CPU.ActiveCfg = Debug|Any CPU
		{A32F0EB8-578E-4ECE-804B-B29FFF2D77C8}.Debug|Any CPU.Build.0 = Debug|Any CPU
		{A32F0EB8-578E-4ECE-804B-B29FFF2D77C8}.Release|Any CPU.ActiveCfg = Release|Any CPU
		{A32F0EB8-578E-4ECE-804B-B29FFF2D77C8}.Release|Any CPU.Build.0 = Release|Any CPU
		{43B40937-44B9-4F07-9608-0E2EB3878735}.Debug|Any CPU.ActiveCfg = Debug|Any CPU
		{43B40937-44B9-4F07-9608-0E2EB3878735}.Debug|Any CPU.Build.0 = Debug|Any CPU
		{43B40937-44B9-4F07-9608-0E2EB3878735}.Release|Any CPU.ActiveCfg = Release|Any CPU
		{43B40937-44B9-4F07-9608-0E2EB3878735}.Release|Any CPU.Build.0 = Release|Any CPU
		{FEF7CA2F-3DCF-4AC5-885D-E5D23217AEAE}.Debug|Any CPU.ActiveCfg = Debug|Any CPU
		{FEF7CA2F-3DCF-4AC5-885D-E5D23217AEAE}.Debug|Any CPU.Build.0 = Debug|Any CPU
		{FEF7CA2F-3DCF-4AC5-885D-E5D23217AEAE}.Release|Any CPU.ActiveCfg = Release|Any CPU
		{FEF7CA2F-3DCF-4AC5-885D-E5D23217AEAE}.Release|Any CPU.Build.0 = Release|Any CPU
		{7D5C5AFE-3F4B-417B-B803-C6BD9988420D}.Debug|Any CPU.ActiveCfg = Debug|Any CPU
		{7D5C5AFE-3F4B-417B-B803-C6BD9988420D}.Debug|Any CPU.Build.0 = Debug|Any CPU
		{7D5C5AFE-3F4B-417B-B803-C6BD9988420D}.Release|Any CPU.ActiveCfg = Release|Any CPU
		{7D5C5AFE-3F4B-417B-B803-C6BD9988420D}.Release|Any CPU.Build.0 = Release|Any CPU
	EndGlobalSection
	GlobalSection(SolutionProperties) = preSolution
		HideSolutionNode = FALSE
	EndGlobalSection
	GlobalSection(NestedProjects) = preSolution
		{F0CF0C0A-3DBE-4886-B2A8-BCA4D8FAD5B8} = {F8149662-4C0E-4177-9FE0-EDCEF4EC1895}
		{6875A189-CF67-44C5-8C15-181888C73296} = {F0CF0C0A-3DBE-4886-B2A8-BCA4D8FAD5B8}
		{1A72FD91-CE81-4770-81F9-7751C6C108E2} = {E49B08EE-2E2C-471E-BE62-0032D903A4CA}
		{C96E46C5-FC54-4AE5-B043-52D8709B8C3C} = {E49B08EE-2E2C-471E-BE62-0032D903A4CA}
		{100E42A7-ED44-4362-87D3-BFE7364AA597} = {E49B08EE-2E2C-471E-BE62-0032D903A4CA}
		{9770E99F-1FD1-46CC-8A6B-0894C7AFFA6F} = {E49B08EE-2E2C-471E-BE62-0032D903A4CA}
		{8AE22F19-C1EF-4B41-BAD6-CC34A56F256C} = {9770E99F-1FD1-46CC-8A6B-0894C7AFFA6F}
		{7EF9484E-CDE2-4D23-B6A7-EED4A2DBD79C} = {9770E99F-1FD1-46CC-8A6B-0894C7AFFA6F}
		{FC20ECB5-FBB5-4CCE-8495-13C31D2E8512} = {9770E99F-1FD1-46CC-8A6B-0894C7AFFA6F}
		{8B01E7B1-3BC0-4741-94CC-EC2EC07F29A5} = {9770E99F-1FD1-46CC-8A6B-0894C7AFFA6F}
		{CA75F02F-CEDD-4A08-A62C-EA664C208F52} = {1A72FD91-CE81-4770-81F9-7751C6C108E2}
		{6FA0C208-3DA2-4268-B100-AE6372A89118} = {1A72FD91-CE81-4770-81F9-7751C6C108E2}
		{AB6ABACE-8062-48DC-814F-71E23F159412} = {1A72FD91-CE81-4770-81F9-7751C6C108E2}
		{88D19D23-113B-4D38-9AC5-AC8B782FFE8A} = {1A72FD91-CE81-4770-81F9-7751C6C108E2}
		{AF5E0AD1-4DFB-4550-90AA-C4C327FBDA3C} = {C96E46C5-FC54-4AE5-B043-52D8709B8C3C}
		{BFC2377E-D152-4E22-8D41-C0CE96547467} = {C96E46C5-FC54-4AE5-B043-52D8709B8C3C}
		{3E78CFB0-5827-45C5-B18A-F621EB8EBBB0} = {C96E46C5-FC54-4AE5-B043-52D8709B8C3C}
		{22F28645-0A0C-4688-9C37-11C83469D117} = {C96E46C5-FC54-4AE5-B043-52D8709B8C3C}
		{E1437D11-F8AE-41AA-925F-C76DD12F3281} = {100E42A7-ED44-4362-87D3-BFE7364AA597}
		{C2D58ED3-83E4-4EB0-BE6D-971B5EBDB29F} = {100E42A7-ED44-4362-87D3-BFE7364AA597}
		{9191F287-3E23-42BB-B357-F97B13C49AC6} = {100E42A7-ED44-4362-87D3-BFE7364AA597}
		{68D0F76E-A087-4FF1-9EC0-E5E7A3F02B0E} = {100E42A7-ED44-4362-87D3-BFE7364AA597}
		{E8B921C2-72EA-4ED4-AA75-F83ACAAB8F74} = {8AE22F19-C1EF-4B41-BAD6-CC34A56F256C}
		{83731575-6298-4647-9D73-FFB8A49EF549} = {7EF9484E-CDE2-4D23-B6A7-EED4A2DBD79C}
		{B5F04667-BF0D-4803-B8C1-39F05B03E8C9} = {8B01E7B1-3BC0-4741-94CC-EC2EC07F29A5}
		{A869D22B-7022-45AF-B06E-E2313CFF55BA} = {FC20ECB5-FBB5-4CCE-8495-13C31D2E8512}
		{984769B2-96E5-4390-B411-74B4F580F78C} = {88D19D23-113B-4D38-9AC5-AC8B782FFE8A}
		{6BC7F341-26A4-43FA-AB03-2DC06965F1EE} = {AB6ABACE-8062-48DC-814F-71E23F159412}
		{986DCB3B-5224-4935-9088-FB9CDD3D44D2} = {CA75F02F-CEDD-4A08-A62C-EA664C208F52}
		{452AFE86-CECE-491F-8B78-1BD50A41840C} = {6FA0C208-3DA2-4268-B100-AE6372A89118}
		{4F2EE47B-42B1-43D7-A056-18F696E1CF91} = {68D0F76E-A087-4FF1-9EC0-E5E7A3F02B0E}
		{27D6FFB8-4016-4543-800B-267D5AD5D2BC} = {9191F287-3E23-42BB-B357-F97B13C49AC6}
		{5771CD37-5F5C-4299-B7A8-DF9F1889697E} = {E1437D11-F8AE-41AA-925F-C76DD12F3281}
		{F2CB8020-A37C-4B79-8B8A-47AD1B4713C7} = {C2D58ED3-83E4-4EB0-BE6D-971B5EBDB29F}
		{6184D583-D516-40A5-9706-FDD3AFB9232B} = {22F28645-0A0C-4688-9C37-11C83469D117}
		{9B50753B-16A7-4E2B-B472-9F00B8787005} = {3E78CFB0-5827-45C5-B18A-F621EB8EBBB0}
		{B1BBABA4-CE3E-452A-BC26-70AC3C9B3575} = {AF5E0AD1-4DFB-4550-90AA-C4C327FBDA3C}
		{EC2DE812-464F-491B-A45E-E9A8C575775D} = {BFC2377E-D152-4E22-8D41-C0CE96547467}
		{6E26491D-631E-4C0A-B968-A5B870DE0B66} = {E49B08EE-2E2C-471E-BE62-0032D903A4CA}
		{7333D05C-2E0D-41E6-9913-08944FBF2B21} = {6E26491D-631E-4C0A-B968-A5B870DE0B66}
		{CC38D137-9D3C-4EEF-B0F2-4BF44029D396} = {6E26491D-631E-4C0A-B968-A5B870DE0B66}
		{845A56E2-356D-4CA7-8924-5FA28C8527F4} = {6E26491D-631E-4C0A-B968-A5B870DE0B66}
		{E163543A-CC13-4C77-8FD0-F47331399ADA} = {6E26491D-631E-4C0A-B968-A5B870DE0B66}
		{A006DEFC-3F6A-4FBB-98F7-30E9C5D6A8CA} = {7333D05C-2E0D-41E6-9913-08944FBF2B21}
		{D5AD77F3-8D86-47B7-8BCD-4E677B3751C5} = {CC38D137-9D3C-4EEF-B0F2-4BF44029D396}
		{27759EA9-38DC-46C4-8F89-68E82FDB835E} = {845A56E2-356D-4CA7-8924-5FA28C8527F4}
		{70DCED31-D9FE-4FC7-8FCC-42148CE5EE2A} = {E163543A-CC13-4C77-8FD0-F47331399ADA}
		{47F02A33-5827-4874-891E-F80D0095049F} = {E49B08EE-2E2C-471E-BE62-0032D903A4CA}
		{4343CF34-F0EE-476E-A0F1-7D04440AC8E0} = {47F02A33-5827-4874-891E-F80D0095049F}
		{D4C42FC8-F879-4917-BCCA-57DF6CFB2CA7} = {4343CF34-F0EE-476E-A0F1-7D04440AC8E0}
		{70BF59E7-50AB-4DDC-A60F-FADC5499502F} = {6E26491D-631E-4C0A-B968-A5B870DE0B66}
		{98EB8D5F-F88D-4EDE-8083-C5BE86BF9B6C} = {70BF59E7-50AB-4DDC-A60F-FADC5499502F}
		{3D6EECE3-EDF9-4A60-A10C-A786F6F55D46} = {9770E99F-1FD1-46CC-8A6B-0894C7AFFA6F}
		{825075E0-EEEE-4B21-A562-F5B729089736} = {3D6EECE3-EDF9-4A60-A10C-A786F6F55D46}
		{0A050336-B3C2-4E25-99D6-3690695F818D} = {1A72FD91-CE81-4770-81F9-7751C6C108E2}
		{0E9A0425-A107-42A7-AA2E-62E15612031B} = {0A050336-B3C2-4E25-99D6-3690695F818D}
		{EE01CB97-67B4-41B3-8BDB-2ED730DF8E4A} = {100E42A7-ED44-4362-87D3-BFE7364AA597}
		{A32F0EB8-578E-4ECE-804B-B29FFF2D77C8} = {EE01CB97-67B4-41B3-8BDB-2ED730DF8E4A}
		{4EB4C09F-F419-4B33-B11A-EADBE5637E01} = {C96E46C5-FC54-4AE5-B043-52D8709B8C3C}
		{43B40937-44B9-4F07-9608-0E2EB3878735} = {4EB4C09F-F419-4B33-B11A-EADBE5637E01}
		{FEF7CA2F-3DCF-4AC5-885D-E5D23217AEAE} = {5EF8CF9E-883D-4939-AE65-48CA94D0D8EE}
		{BCA01E88-12D7-4719-ADBD-EEA06C0BE32D} = {6E26491D-631E-4C0A-B968-A5B870DE0B66}
		{5EF8CF9E-883D-4939-AE65-48CA94D0D8EE} = {BCA01E88-12D7-4719-ADBD-EEA06C0BE32D}
		{C53B2E6F-74CA-4ECA-8E70-E1B61A95DF7D} = {BCA01E88-12D7-4719-ADBD-EEA06C0BE32D}
		{7D5C5AFE-3F4B-417B-B803-C6BD9988420D} = {C53B2E6F-74CA-4ECA-8E70-E1B61A95DF7D}
	EndGlobalSection
EndGlobal
